// !$*UTF8*$!
{
	archiveVersion = 1;
	classes = {
	};
	objectVersion = 46;
	objects = {

/* Begin PBXBuildFile section */
		349A09C21AFCBFC40033C01D /* main.m in Sources */ = {isa = PBXBuildFile; fileRef = 349A09C11AFCBFC40033C01D /* main.m */; };
		349A09C51AFCBFC40033C01D /* AppDelegate.m in Sources */ = {isa = PBXBuildFile; fileRef = 349A09C41AFCBFC40033C01D /* AppDelegate.m */; };
		349A09CE1AFCBFC40033C01D /* Main.storyboard in Resources */ = {isa = PBXBuildFile; fileRef = 349A09CC1AFCBFC40033C01D /* Main.storyboard */; };
		349A09D01AFCBFC40033C01D /* Images.xcassets in Resources */ = {isa = PBXBuildFile; fileRef = 349A09CF1AFCBFC40033C01D /* Images.xcassets */; };
		349A09D31AFCBFC40033C01D /* LaunchScreen.xib in Resources */ = {isa = PBXBuildFile; fileRef = 349A09D11AFCBFC40033C01D /* LaunchScreen.xib */; };
		349A09DF1AFCBFC40033C01D /* MatchedUp2Tests.m in Sources */ = {isa = PBXBuildFile; fileRef = 349A09DE1AFCBFC40033C01D /* MatchedUp2Tests.m */; };
		349A09EA1AFCC0B10033C01D /* EGGLoginViewController.m in Sources */ = {isa = PBXBuildFile; fileRef = 349A09E91AFCC0B10033C01D /* EGGLoginViewController.m */; };
		349A09EE1AFCFE230033C01D /* EGGConstans.m in Sources */ = {isa = PBXBuildFile; fileRef = 349A09ED1AFCFE230033C01D /* EGGConstans.m */; };
		34AE7CA81B14896800846A5B /* EGGHomeViewController.m in Sources */ = {isa = PBXBuildFile; fileRef = 34AE7CA71B14896800846A5B /* EGGHomeViewController.m */; };
		34AE7CAB1B14EDFF00846A5B /* EGGSettingsViewController.m in Sources */ = {isa = PBXBuildFile; fileRef = 34AE7CAA1B14EDFF00846A5B /* EGGSettingsViewController.m */; };
		34E182581B160B980097A33F /* EGGEditProfileViewController.m in Sources */ = {isa = PBXBuildFile; fileRef = 34E182571B160B980097A33F /* EGGEditProfileViewController.m */; };
		34E1825B1B160F5E0097A33F /* EGGProfileSetupViewController.m in Sources */ = {isa = PBXBuildFile; fileRef = 34E1825A1B160F5E0097A33F /* EGGProfileSetupViewController.m */; };
		60E4FD772F08EA91A203BF84 /* libPods-MatchedUp2.a in Frameworks */ = {isa = PBXBuildFile; fileRef = 9CD3E497B73B7A6E499A93C1 /* libPods-MatchedUp2.a */; };
/* End PBXBuildFile section */

/* Begin PBXContainerItemProxy section */
		349A09D91AFCBFC40033C01D /* PBXContainerItemProxy */ = {
			isa = PBXContainerItemProxy;
			containerPortal = 349A09B41AFCBFC40033C01D /* Project object */;
			proxyType = 1;
			remoteGlobalIDString = 349A09BB1AFCBFC40033C01D;
			remoteInfo = MatchedUp2;
		};
/* End PBXContainerItemProxy section */

/* Begin PBXFileReference section */
		004EF2D41F1A3EF59627F02A /* Pods-MatchedUp2.release.xcconfig */ = {isa = PBXFileReference; includeInIndex = 1; lastKnownFileType = text.xcconfig; name = "Pods-MatchedUp2.release.xcconfig"; path = "Pods/Target Support Files/Pods-MatchedUp2/Pods-MatchedUp2.release.xcconfig"; sourceTree = "<group>"; };
		349A09BC1AFCBFC40033C01D /* MatchedUp2.app */ = {isa = PBXFileReference; explicitFileType = wrapper.application; includeInIndex = 0; path = MatchedUp2.app; sourceTree = BUILT_PRODUCTS_DIR; };
		349A09C01AFCBFC40033C01D /* Info.plist */ = {isa = PBXFileReference; lastKnownFileType = text.plist.xml; path = Info.plist; sourceTree = "<group>"; };
		349A09C11AFCBFC40033C01D /* main.m */ = {isa = PBXFileReference; lastKnownFileType = sourcecode.c.objc; path = main.m; sourceTree = "<group>"; };
		349A09C31AFCBFC40033C01D /* AppDelegate.h */ = {isa = PBXFileReference; lastKnownFileType = sourcecode.c.h; path = AppDelegate.h; sourceTree = "<group>"; };
		349A09C41AFCBFC40033C01D /* AppDelegate.m */ = {isa = PBXFileReference; lastKnownFileType = sourcecode.c.objc; path = AppDelegate.m; sourceTree = "<group>"; };
		349A09CD1AFCBFC40033C01D /* Base */ = {isa = PBXFileReference; lastKnownFileType = file.storyboard; name = Base; path = Base.lproj/Main.storyboard; sourceTree = "<group>"; };
		349A09CF1AFCBFC40033C01D /* Images.xcassets */ = {isa = PBXFileReference; lastKnownFileType = folder.assetcatalog; path = Images.xcassets; sourceTree = "<group>"; };
		349A09D21AFCBFC40033C01D /* Base */ = {isa = PBXFileReference; lastKnownFileType = file.xib; name = Base; path = Base.lproj/LaunchScreen.xib; sourceTree = "<group>"; };
		349A09D81AFCBFC40033C01D /* MatchedUp2Tests.xctest */ = {isa = PBXFileReference; explicitFileType = wrapper.cfbundle; includeInIndex = 0; path = MatchedUp2Tests.xctest; sourceTree = BUILT_PRODUCTS_DIR; };
		349A09DD1AFCBFC40033C01D /* Info.plist */ = {isa = PBXFileReference; lastKnownFileType = text.plist.xml; path = Info.plist; sourceTree = "<group>"; };
		349A09DE1AFCBFC40033C01D /* MatchedUp2Tests.m */ = {isa = PBXFileReference; lastKnownFileType = sourcecode.c.objc; path = MatchedUp2Tests.m; sourceTree = "<group>"; };
		349A09E81AFCC0B10033C01D /* EGGLoginViewController.h */ = {isa = PBXFileReference; fileEncoding = 4; lastKnownFileType = sourcecode.c.h; path = EGGLoginViewController.h; sourceTree = "<group>"; };
		349A09E91AFCC0B10033C01D /* EGGLoginViewController.m */ = {isa = PBXFileReference; fileEncoding = 4; lastKnownFileType = sourcecode.c.objc; path = EGGLoginViewController.m; sourceTree = "<group>"; };
		349A09EB1AFCC2840033C01D /* PrefixHeader.pch */ = {isa = PBXFileReference; lastKnownFileType = sourcecode.c.h; path = PrefixHeader.pch; sourceTree = "<group>"; };
		349A09EC1AFCFE230033C01D /* EGGConstans.h */ = {isa = PBXFileReference; fileEncoding = 4; lastKnownFileType = sourcecode.c.h; path = EGGConstans.h; sourceTree = "<group>"; };
		349A09ED1AFCFE230033C01D /* EGGConstans.m */ = {isa = PBXFileReference; fileEncoding = 4; lastKnownFileType = sourcecode.c.objc; path = EGGConstans.m; sourceTree = "<group>"; };
		34AE7CA61B14896800846A5B /* EGGHomeViewController.h */ = {isa = PBXFileReference; fileEncoding = 4; lastKnownFileType = sourcecode.c.h; path = EGGHomeViewController.h; sourceTree = "<group>"; };
		34AE7CA71B14896800846A5B /* EGGHomeViewController.m */ = {isa = PBXFileReference; fileEncoding = 4; lastKnownFileType = sourcecode.c.objc; path = EGGHomeViewController.m; sourceTree = "<group>"; };
		34AE7CA91B14EDFF00846A5B /* EGGSettingsViewController.h */ = {isa = PBXFileReference; fileEncoding = 4; lastKnownFileType = sourcecode.c.h; path = EGGSettingsViewController.h; sourceTree = "<group>"; };
		34AE7CAA1B14EDFF00846A5B /* EGGSettingsViewController.m */ = {isa = PBXFileReference; fileEncoding = 4; lastKnownFileType = sourcecode.c.objc; path = EGGSettingsViewController.m; sourceTree = "<group>"; };
		34E182561B160B980097A33F /* EGGEditProfileViewController.h */ = {isa = PBXFileReference; fileEncoding = 4; lastKnownFileType = sourcecode.c.h; path = EGGEditProfileViewController.h; sourceTree = "<group>"; };
		34E182571B160B980097A33F /* EGGEditProfileViewController.m */ = {isa = PBXFileReference; fileEncoding = 4; lastKnownFileType = sourcecode.c.objc; path = EGGEditProfileViewController.m; sourceTree = "<group>"; };
		34E182591B160F5E0097A33F /* EGGProfileSetupViewController.h */ = {isa = PBXFileReference; fileEncoding = 4; lastKnownFileType = sourcecode.c.h; path = EGGProfileSetupViewController.h; sourceTree = "<group>"; };
		34E1825A1B160F5E0097A33F /* EGGProfileSetupViewController.m */ = {isa = PBXFileReference; fileEncoding = 4; lastKnownFileType = sourcecode.c.objc; path = EGGProfileSetupViewController.m; sourceTree = "<group>"; };
		67720A268FB05DB8BC56C247 /* Pods-MatchedUp2.debug.xcconfig */ = {isa = PBXFileReference; includeInIndex = 1; lastKnownFileType = text.xcconfig; name = "Pods-MatchedUp2.debug.xcconfig"; path = "Pods/Target Support Files/Pods-MatchedUp2/Pods-MatchedUp2.debug.xcconfig"; sourceTree = "<group>"; };
		9CD3E497B73B7A6E499A93C1 /* libPods-MatchedUp2.a */ = {isa = PBXFileReference; explicitFileType = archive.ar; includeInIndex = 0; path = "libPods-MatchedUp2.a"; sourceTree = BUILT_PRODUCTS_DIR; };
/* End PBXFileReference section */

/* Begin PBXFrameworksBuildPhase section */
		349A09B91AFCBFC40033C01D /* Frameworks */ = {
			isa = PBXFrameworksBuildPhase;
			buildActionMask = 2147483647;
			files = (
				60E4FD772F08EA91A203BF84 /* libPods-MatchedUp2.a in Frameworks */,
			);
			runOnlyForDeploymentPostprocessing = 0;
		};
		349A09D51AFCBFC40033C01D /* Frameworks */ = {
			isa = PBXFrameworksBuildPhase;
			buildActionMask = 2147483647;
			files = (
			);
			runOnlyForDeploymentPostprocessing = 0;
		};
/* End PBXFrameworksBuildPhase section */

/* Begin PBXGroup section */
		091371886D37A8F17417B0D1 /* Frameworks */ = {
			isa = PBXGroup;
			children = (
				9CD3E497B73B7A6E499A93C1 /* libPods-MatchedUp2.a */,
			);
			name = Frameworks;
			sourceTree = "<group>";
		};
		349A09B31AFCBFC40033C01D = {
			isa = PBXGroup;
			children = (
				349A09BE1AFCBFC40033C01D /* MatchedUp2 */,
				349A09DB1AFCBFC40033C01D /* MatchedUp2Tests */,
				349A09BD1AFCBFC40033C01D /* Products */,
				4547DD2539D4032D2C8E1BE3 /* Pods */,
				091371886D37A8F17417B0D1 /* Frameworks */,
			);
			sourceTree = "<group>";
		};
		349A09BD1AFCBFC40033C01D /* Products */ = {
			isa = PBXGroup;
			children = (
				349A09BC1AFCBFC40033C01D /* MatchedUp2.app */,
				349A09D81AFCBFC40033C01D /* MatchedUp2Tests.xctest */,
			);
			name = Products;
			sourceTree = "<group>";
		};
		349A09BE1AFCBFC40033C01D /* MatchedUp2 */ = {
			isa = PBXGroup;
			children = (
				349A09C31AFCBFC40033C01D /* AppDelegate.h */,
				349A09C41AFCBFC40033C01D /* AppDelegate.m */,
				349A09E81AFCC0B10033C01D /* EGGLoginViewController.h */,
				349A09E91AFCC0B10033C01D /* EGGLoginViewController.m */,
				34AE7CA61B14896800846A5B /* EGGHomeViewController.h */,
				34AE7CA71B14896800846A5B /* EGGHomeViewController.m */,
				34AE7CA91B14EDFF00846A5B /* EGGSettingsViewController.h */,
				34AE7CAA1B14EDFF00846A5B /* EGGSettingsViewController.m */,
				34E182561B160B980097A33F /* EGGEditProfileViewController.h */,
				34E182571B160B980097A33F /* EGGEditProfileViewController.m */,
				34E182591B160F5E0097A33F /* EGGProfileSetupViewController.h */,
				34E1825A1B160F5E0097A33F /* EGGProfileSetupViewController.m */,
				349A09CC1AFCBFC40033C01D /* Main.storyboard */,
				349A09CF1AFCBFC40033C01D /* Images.xcassets */,
				349A09D11AFCBFC40033C01D /* LaunchScreen.xib */,
				349A09BF1AFCBFC40033C01D /* Supporting Files */,
			);
			path = MatchedUp2;
			sourceTree = "<group>";
		};
		349A09BF1AFCBFC40033C01D /* Supporting Files */ = {
			isa = PBXGroup;
			children = (
				349A09EB1AFCC2840033C01D /* PrefixHeader.pch */,
				349A09EC1AFCFE230033C01D /* EGGConstans.h */,
				349A09ED1AFCFE230033C01D /* EGGConstans.m */,
				349A09C01AFCBFC40033C01D /* Info.plist */,
				349A09C11AFCBFC40033C01D /* main.m */,
			);
			name = "Supporting Files";
			sourceTree = "<group>";
		};
		349A09DB1AFCBFC40033C01D /* MatchedUp2Tests */ = {
			isa = PBXGroup;
			children = (
				349A09DE1AFCBFC40033C01D /* MatchedUp2Tests.m */,
				349A09DC1AFCBFC40033C01D /* Supporting Files */,
			);
			path = MatchedUp2Tests;
			sourceTree = "<group>";
		};
		349A09DC1AFCBFC40033C01D /* Supporting Files */ = {
			isa = PBXGroup;
			children = (
				349A09DD1AFCBFC40033C01D /* Info.plist */,
			);
			name = "Supporting Files";
			sourceTree = "<group>";
		};
		4547DD2539D4032D2C8E1BE3 /* Pods */ = {
			isa = PBXGroup;
			children = (
				67720A268FB05DB8BC56C247 /* Pods-MatchedUp2.debug.xcconfig */,
				004EF2D41F1A3EF59627F02A /* Pods-MatchedUp2.release.xcconfig */,
			);
			name = Pods;
			sourceTree = "<group>";
		};
/* End PBXGroup section */

/* Begin PBXNativeTarget section */
		349A09BB1AFCBFC40033C01D /* MatchedUp2 */ = {
			isa = PBXNativeTarget;
			buildConfigurationList = 349A09E21AFCBFC40033C01D /* Build configuration list for PBXNativeTarget "MatchedUp2" */;
			buildPhases = (
				600BFCD0B03230BDE6BFA623 /* Check Pods Manifest.lock */,
				349A09B81AFCBFC40033C01D /* Sources */,
				349A09B91AFCBFC40033C01D /* Frameworks */,
				349A09BA1AFCBFC40033C01D /* Resources */,
				C85151E6DF04F8F69D283428 /* Copy Pods Resources */,
			);
			buildRules = (
			);
			dependencies = (
			);
			name = MatchedUp2;
			productName = MatchedUp2;
			productReference = 349A09BC1AFCBFC40033C01D /* MatchedUp2.app */;
			productType = "com.apple.product-type.application";
		};
		349A09D71AFCBFC40033C01D /* MatchedUp2Tests */ = {
			isa = PBXNativeTarget;
			buildConfigurationList = 349A09E51AFCBFC40033C01D /* Build configuration list for PBXNativeTarget "MatchedUp2Tests" */;
			buildPhases = (
				349A09D41AFCBFC40033C01D /* Sources */,
				349A09D51AFCBFC40033C01D /* Frameworks */,
				349A09D61AFCBFC40033C01D /* Resources */,
			);
			buildRules = (
			);
			dependencies = (
				349A09DA1AFCBFC40033C01D /* PBXTargetDependency */,
			);
			name = MatchedUp2Tests;
			productName = MatchedUp2Tests;
			productReference = 349A09D81AFCBFC40033C01D /* MatchedUp2Tests.xctest */;
			productType = "com.apple.product-type.bundle.unit-test";
		};
/* End PBXNativeTarget section */

/* Begin PBXProject section */
		349A09B41AFCBFC40033C01D /* Project object */ = {
			isa = PBXProject;
			attributes = {
				LastUpgradeCheck = 0630;
				ORGANIZATIONNAME = "Edu González";
				TargetAttributes = {
					349A09BB1AFCBFC40033C01D = {
						CreatedOnToolsVersion = 6.3.1;
					};
					349A09D71AFCBFC40033C01D = {
						CreatedOnToolsVersion = 6.3.1;
						TestTargetID = 349A09BB1AFCBFC40033C01D;
					};
				};
			};
			buildConfigurationList = 349A09B71AFCBFC40033C01D /* Build configuration list for PBXProject "MatchedUp2" */;
			compatibilityVersion = "Xcode 3.2";
			developmentRegion = English;
			hasScannedForEncodings = 0;
			knownRegions = (
				en,
				Base,
			);
			mainGroup = 349A09B31AFCBFC40033C01D;
			productRefGroup = 349A09BD1AFCBFC40033C01D /* Products */;
			projectDirPath = "";
			projectRoot = "";
			targets = (
				349A09BB1AFCBFC40033C01D /* MatchedUp2 */,
				349A09D71AFCBFC40033C01D /* MatchedUp2Tests */,
			);
		};
/* End PBXProject section */

/* Begin PBXResourcesBuildPhase section */
		349A09BA1AFCBFC40033C01D /* Resources */ = {
			isa = PBXResourcesBuildPhase;
			buildActionMask = 2147483647;
			files = (
				349A09CE1AFCBFC40033C01D /* Main.storyboard in Resources */,
				349A09D31AFCBFC40033C01D /* LaunchScreen.xib in Resources */,
				349A09D01AFCBFC40033C01D /* Images.xcassets in Resources */,
			);
			runOnlyForDeploymentPostprocessing = 0;
		};
		349A09D61AFCBFC40033C01D /* Resources */ = {
			isa = PBXResourcesBuildPhase;
			buildActionMask = 2147483647;
			files = (
			);
			runOnlyForDeploymentPostprocessing = 0;
		};
/* End PBXResourcesBuildPhase section */

/* Begin PBXShellScriptBuildPhase section */
		600BFCD0B03230BDE6BFA623 /* Check Pods Manifest.lock */ = {
			isa = PBXShellScriptBuildPhase;
			buildActionMask = 2147483647;
			files = (
			);
			inputPaths = (
			);
			name = "Check Pods Manifest.lock";
			outputPaths = (
			);
			runOnlyForDeploymentPostprocessing = 0;
			shellPath = /bin/sh;
			shellScript = "diff \"${PODS_ROOT}/../Podfile.lock\" \"${PODS_ROOT}/Manifest.lock\" > /dev/null\nif [[ $? != 0 ]] ; then\n    cat << EOM\nerror: The sandbox is not in sync with the Podfile.lock. Run 'pod install' or update your CocoaPods installation.\nEOM\n    exit 1\nfi\n";
			showEnvVarsInLog = 0;
		};
		C85151E6DF04F8F69D283428 /* Copy Pods Resources */ = {
			isa = PBXShellScriptBuildPhase;
			buildActionMask = 2147483647;
			files = (
			);
			inputPaths = (
			);
			name = "Copy Pods Resources";
			outputPaths = (
			);
			runOnlyForDeploymentPostprocessing = 0;
			shellPath = /bin/sh;
			shellScript = "\"${SRCROOT}/Pods/Target Support Files/Pods-MatchedUp2/Pods-MatchedUp2-resources.sh\"\n";
			showEnvVarsInLog = 0;
		};
/* End PBXShellScriptBuildPhase section */

/* Begin PBXSourcesBuildPhase section */
		349A09B81AFCBFC40033C01D /* Sources */ = {
			isa = PBXSourcesBuildPhase;
			buildActionMask = 2147483647;
			files = (
				349A09EE1AFCFE230033C01D /* EGGConstans.m in Sources */,
				34AE7CAB1B14EDFF00846A5B /* EGGSettingsViewController.m in Sources */,
				34AE7CA81B14896800846A5B /* EGGHomeViewController.m in Sources */,
				349A09C51AFCBFC40033C01D /* AppDelegate.m in Sources */,
				349A09EA1AFCC0B10033C01D /* EGGLoginViewController.m in Sources */,
				34E182581B160B980097A33F /* EGGEditProfileViewController.m in Sources */,
				34E1825B1B160F5E0097A33F /* EGGProfileSetupViewController.m in Sources */,
				349A09C21AFCBFC40033C01D /* main.m in Sources */,
			);
			runOnlyForDeploymentPostprocessing = 0;
		};
		349A09D41AFCBFC40033C01D /* Sources */ = {
			isa = PBXSourcesBuildPhase;
			buildActionMask = 2147483647;
			files = (
				349A09DF1AFCBFC40033C01D /* MatchedUp2Tests.m in Sources */,
			);
			runOnlyForDeploymentPostprocessing = 0;
		};
/* End PBXSourcesBuildPhase section */

/* Begin PBXTargetDependency section */
		349A09DA1AFCBFC40033C01D /* PBXTargetDependency */ = {
			isa = PBXTargetDependency;
			target = 349A09BB1AFCBFC40033C01D /* MatchedUp2 */;
			targetProxy = 349A09D91AFCBFC40033C01D /* PBXContainerItemProxy */;
		};
/* End PBXTargetDependency section */

/* Begin PBXVariantGroup section */
		349A09CC1AFCBFC40033C01D /* Main.storyboard */ = {
			isa = PBXVariantGroup;
			children = (
				349A09CD1AFCBFC40033C01D /* Base */,
			);
			name = Main.storyboard;
			sourceTree = "<group>";
		};
		349A09D11AFCBFC40033C01D /* LaunchScreen.xib */ = {
			isa = PBXVariantGroup;
			children = (
				349A09D21AFCBFC40033C01D /* Base */,
			);
			name = LaunchScreen.xib;
			sourceTree = "<group>";
		};
/* End PBXVariantGroup section */

/* Begin XCBuildConfiguration section */
		349A09E01AFCBFC40033C01D /* Debug */ = {
			isa = XCBuildConfiguration;
			buildSettings = {
				ALWAYS_SEARCH_USER_PATHS = NO;
				CLANG_CXX_LANGUAGE_STANDARD = "gnu++0x";
				CLANG_CXX_LIBRARY = "libc++";
				CLANG_ENABLE_MODULES = YES;
				CLANG_ENABLE_OBJC_ARC = YES;
				CLANG_WARN_BOOL_CONVERSION = YES;
				CLANG_WARN_CONSTANT_CONVERSION = YES;
				CLANG_WARN_DIRECT_OBJC_ISA_USAGE = YES_ERROR;
				CLANG_WARN_EMPTY_BODY = YES;
				CLANG_WARN_ENUM_CONVERSION = YES;
				CLANG_WARN_INT_CONVERSION = YES;
				CLANG_WARN_OBJC_ROOT_CLASS = YES_ERROR;
				CLANG_WARN_UNREACHABLE_CODE = YES;
				CLANG_WARN__DUPLICATE_METHOD_MATCH = YES;
				"CODE_SIGN_IDENTITY[sdk=iphoneos*]" = "iPhone Developer";
				COPY_PHASE_STRIP = NO;
				DEBUG_INFORMATION_FORMAT = "dwarf-with-dsym";
				ENABLE_STRICT_OBJC_MSGSEND = YES;
				GCC_C_LANGUAGE_STANDARD = gnu99;
				GCC_DYNAMIC_NO_PIC = NO;
				GCC_NO_COMMON_BLOCKS = YES;
				GCC_OPTIMIZATION_LEVEL = 0;
				GCC_PREPROCESSOR_DEFINITIONS = (
					"DEBUG=1",
					"$(inherited)",
				);
				GCC_SYMBOLS_PRIVATE_EXTERN = NO;
				GCC_WARN_64_TO_32_BIT_CONVERSION = YES;
				GCC_WARN_ABOUT_RETURN_TYPE = YES_ERROR;
				GCC_WARN_UNDECLARED_SELECTOR = YES;
				GCC_WARN_UNINITIALIZED_AUTOS = YES_AGGRESSIVE;
				GCC_WARN_UNUSED_FUNCTION = YES;
				GCC_WARN_UNUSED_VARIABLE = YES;
				IPHONEOS_DEPLOYMENT_TARGET = 8.3;
				MTL_ENABLE_DEBUG_INFO = YES;
				ONLY_ACTIVE_ARCH = YES;
				SDKROOT = iphoneos;
			};
			name = Debug;
		};
		349A09E11AFCBFC40033C01D /* Release */ = {
			isa = XCBuildConfiguration;
			buildSettings = {
				ALWAYS_SEARCH_USER_PATHS = NO;
				CLANG_CXX_LANGUAGE_STANDARD = "gnu++0x";
				CLANG_CXX_LIBRARY = "libc++";
				CLANG_ENABLE_MODULES = YES;
				CLANG_ENABLE_OBJC_ARC = YES;
				CLANG_WARN_BOOL_CONVERSION = YES;
				CLANG_WARN_CONSTANT_CONVERSION = YES;
				CLANG_WARN_DIRECT_OBJC_ISA_USAGE = YES_ERROR;
				CLANG_WARN_EMPTY_BODY = YES;
				CLANG_WARN_ENUM_CONVERSION = YES;
				CLANG_WARN_INT_CONVERSION = YES;
				CLANG_WARN_OBJC_ROOT_CLASS = YES_ERROR;
				CLANG_WARN_UNREACHABLE_CODE = YES;
				CLANG_WARN__DUPLICATE_METHOD_MATCH = YES;
				"CODE_SIGN_IDENTITY[sdk=iphoneos*]" = "iPhone Developer";
				COPY_PHASE_STRIP = NO;
				DEBUG_INFORMATION_FORMAT = "dwarf-with-dsym";
				ENABLE_NS_ASSERTIONS = NO;
				ENABLE_STRICT_OBJC_MSGSEND = YES;
				GCC_C_LANGUAGE_STANDARD = gnu99;
				GCC_NO_COMMON_BLOCKS = YES;
				GCC_WARN_64_TO_32_BIT_CONVERSION = YES;
				GCC_WARN_ABOUT_RETURN_TYPE = YES_ERROR;
				GCC_WARN_UNDECLARED_SELECTOR = YES;
				GCC_WARN_UNINITIALIZED_AUTOS = YES_AGGRESSIVE;
				GCC_WARN_UNUSED_FUNCTION = YES;
				GCC_WARN_UNUSED_VARIABLE = YES;
				IPHONEOS_DEPLOYMENT_TARGET = 8.3;
				MTL_ENABLE_DEBUG_INFO = NO;
				SDKROOT = iphoneos;
				VALIDATE_PRODUCT = YES;
			};
			name = Release;
		};
		349A09E31AFCBFC40033C01D /* Debug */ = {
			isa = XCBuildConfiguration;
			baseConfigurationReference = 67720A268FB05DB8BC56C247 /* Pods-MatchedUp2.debug.xcconfig */;
			buildSettings = {
				ASSETCATALOG_COMPILER_APPICON_NAME = AppIcon;
				GCC_PREFIX_HEADER = MatchedUp2/PrefixHeader.pch;
				INFOPLIST_FILE = MatchedUp2/Info.plist;
				IPHONEOS_DEPLOYMENT_TARGET = 7.0;
				LD_RUNPATH_SEARCH_PATHS = "$(inherited) @executable_path/Frameworks";
				PRODUCT_NAME = "$(TARGET_NAME)";
			};
			name = Debug;
		};
		349A09E41AFCBFC40033C01D /* Release */ = {
			isa = XCBuildConfiguration;
			baseConfigurationReference = 004EF2D41F1A3EF59627F02A /* Pods-MatchedUp2.release.xcconfig */;
			buildSettings = {
				ASSETCATALOG_COMPILER_APPICON_NAME = AppIcon;
				GCC_PREFIX_HEADER = MatchedUp2/PrefixHeader.pch;
				INFOPLIST_FILE = MatchedUp2/Info.plist;
				IPHONEOS_DEPLOYMENT_TARGET = 7.0;
				LD_RUNPATH_SEARCH_PATHS = "$(inherited) @executable_path/Frameworks";
				PRODUCT_NAME = "$(TARGET_NAME)";
			};
			name = Release;
		};
		349A09E61AFCBFC40033C01D /* Debug */ = {
			isa = XCBuildConfiguration;
			buildSettings = {
				BUNDLE_LOADER = "$(TEST_HOST)";
				FRAMEWORK_SEARCH_PATHS = (
					"$(SDKROOT)/Developer/Library/Frameworks",
					"$(inherited)",
				);
				GCC_PREPROCESSOR_DEFINITIONS = (
					"DEBUG=1",
					"$(inherited)",
				);
				INFOPLIST_FILE = MatchedUp2Tests/Info.plist;
				LD_RUNPATH_SEARCH_PATHS = "$(inherited) @executable_path/Frameworks @loader_path/Frameworks";
				PRODUCT_NAME = "$(TARGET_NAME)";
				TEST_HOST = "$(BUILT_PRODUCTS_DIR)/MatchedUp2.app/MatchedUp2";
			};
			name = Debug;
		};
		349A09E71AFCBFC40033C01D /* Release */ = {
			isa = XCBuildConfiguration;
			buildSettings = {
				BUNDLE_LOADER = "$(TEST_HOST)";
				FRAMEWORK_SEARCH_PATHS = (
					"$(SDKROOT)/Developer/Library/Frameworks",
					"$(inherited)",
				);
				INFOPLIST_FILE = MatchedUp2Tests/Info.plist;
				LD_RUNPATH_SEARCH_PATHS = "$(inherited) @executable_path/Frameworks @loader_path/Frameworks";
				PRODUCT_NAME = "$(TARGET_NAME)";
				TEST_HOST = "$(BUILT_PRODUCTS_DIR)/MatchedUp2.app/MatchedUp2";
			};
			name = Release;
		};
/* End XCBuildConfiguration section */

/* Begin XCConfigurationList section */
		349A09B71AFCBFC40033C01D /* Build configuration list for PBXProject "MatchedUp2" */ = {
			isa = XCConfigurationList;
			buildConfigurations = (
				349A09E01AFCBFC40033C01D /* Debug */,
				349A09E11AFCBFC40033C01D /* Release */,
			);
			defaultConfigurationIsVisible = 0;
			defaultConfigurationName = Release;
		};
		349A09E21AFCBFC40033C01D /* Build configuration list for PBXNativeTarget "MatchedUp2" */ = {
			isa = XCConfigurationList;
			buildConfigurations = (
				349A09E31AFCBFC40033C01D /* Debug */,
				349A09E41AFCBFC40033C01D /* Release */,
			);
			defaultConfigurationIsVisible = 0;
			defaultConfigurationName = Release;
		};
		349A09E51AFCBFC40033C01D /* Build configuration list for PBXNativeTarget "MatchedUp2Tests" */ = {
			isa = XCConfigurationList;
			buildConfigurations = (
				349A09E61AFCBFC40033C01D /* Debug */,
				349A09E71AFCBFC40033C01D /* Release */,
			);
			defaultConfigurationIsVisible = 0;
			defaultConfigurationName = Release;
		};
/* End XCConfigurationList section */
	};
	rootObject = 349A09B41AFCBFC40033C01D /* Project object */;
}
